# This file is automatically @generated by Cargo.
# It is not intended for manual editing.
version = 4

[[package]]
name = "append-only-vec"
version = "0.1.7"
source = "registry+https://github.com/rust-lang/crates.io-index"
checksum = "7992085ec035cfe96992dd31bfd495a2ebd31969bb95f624471cb6c0b349e571"

[[package]]
name = "atomicbox"
version = "0.4.0"
source = "registry+https://github.com/rust-lang/crates.io-index"
checksum = "8a9a3820bc9e9aaf60c8389c2a4808548599f4ff254ce6bdb608ac3631d4ad76"

[[package]]
name = "cfg-if"
version = "1.0.0"
source = "registry+https://github.com/rust-lang/crates.io-index"
checksum = "baf1de4339761588bc0619e3cbc0120ee582ebb74b53b4efbf79117bd2da40fd"

[[package]]
name = "feanor-math"
version = "3.0.7"
source = "registry+https://github.com/rust-lang/crates.io-index"
checksum = "b48a5b6f304b0f315c3697a44d6e130f3a3ce3cbb653e74e40253e59f90eae5e"
dependencies = [
 "append-only-vec",
 "atomicbox",
 "libc",
 "oorandom",
 "serde",
 "serde_bytes",
 "stability",
 "thread_local",
]

[[package]]
name = "libc"
version = "0.2.169"
source = "registry+https://github.com/rust-lang/crates.io-index"
checksum = "b5aba8db14291edd000dfcc4d620c7ebfb122c613afb886ca8803fa4e128a20a"

[[package]]
name = "machine-prime"
version = "1.5.2"
source = "registry+https://github.com/rust-lang/crates.io-index"
checksum = "f62ebabb004f1a0d8cb02e21ed2456828d4a65b44b0f0b7de29847cee5d7c3a3"

[[package]]
name = "number-theory"
version = "0.0.24"
source = "registry+https://github.com/rust-lang/crates.io-index"
checksum = "6385dec3acbd7b01418b110c7df8c0bf077d254e075a0dcebb87d49b38bf4776"
dependencies = [
 "machine-prime",
]

[[package]]
name = "once_cell"
version = "1.20.2"
source = "registry+https://github.com/rust-lang/crates.io-index"
checksum = "1261fe7e33c73b354eab43b1273a57c8f967d0391e80353e51f764ac02cf6775"

[[package]]
name = "oorandom"
version = "11.1.4"
source = "registry+https://github.com/rust-lang/crates.io-index"
checksum = "b410bbe7e14ab526a0e86877eb47c6996a2bd7746f027ba551028c925390e4e9"

[[package]]
name = "proc-macro2"
version = "1.0.92"
source = "registry+https://github.com/rust-lang/crates.io-index"
checksum = "37d3544b3f2748c54e147655edb5025752e2303145b5aefb3c3ea2c78b973bb0"
dependencies = [
 "unicode-ident",
]

[[package]]
name = "proj1"
version = "0.1.0"
dependencies = [
 "feanor-math",
 "number-theory",
]

[[package]]
name = "quote"
version = "1.0.38"
source = "registry+https://github.com/rust-lang/crates.io-index"
checksum = "0e4dccaaaf89514f546c693ddc140f729f958c247918a13380cccc6078391acc"
dependencies = [
 "proc-macro2",
]

[[package]]
name = "serde"
version = "1.0.217"
source = "registry+https://github.com/rust-lang/crates.io-index"
checksum = "02fc4265df13d6fa1d00ecff087228cc0a2b5f3c0e87e258d8b94a156e984c70"
dependencies = [
 "serde_derive",
]

[[package]]
name = "serde_bytes"
version = "0.11.15"
source = "registry+https://github.com/rust-lang/crates.io-index"
checksum = "387cc504cb06bb40a96c8e04e951fe01854cf6bc921053c954e4a606d9675c6a"
dependencies = [
 "serde",
]

[[package]]
name = "serde_derive"
version = "1.0.217"
source = "registry+https://github.com/rust-lang/crates.io-index"
checksum = "5a9bf7cf98d04a2b28aead066b7496853d4779c9cc183c440dbac457641e19a0"
dependencies = [
 "proc-macro2",
 "quote",
 "syn",
]

[[package]]
name = "stability"
version = "0.2.1"
source = "registry+https://github.com/rust-lang/crates.io-index"
checksum = "d904e7009df136af5297832a3ace3370cd14ff1546a232f4f185036c2736fcac"
dependencies = [
 "quote",
 "syn",
]

[[package]]
name = "syn"
version = "2.0.96"
source = "registry+https://github.com/rust-lang/crates.io-index"
checksum = "d5d0adab1ae378d7f53bdebc67a39f1f151407ef230f0ce2883572f5d8985c80"
dependencies = [
 "proc-macro2",
 "quote",
 "unicode-ident",
]

[[package]]
name = "thread_local"
version = "1.1.8"
source = "registry+https://github.com/rust-lang/crates.io-index"
checksum = "8b9ef9bad013ada3808854ceac7b46812a6465ba368859a37e2100283d2d719c"
dependencies = [
 "cfg-if",
 "once_cell",
]

[[package]]
name = "unicode-ident"
version = "1.0.14"
source = "registry+https://github.com/rust-lang/crates.io-index"
checksum = "adb9e6ca4f869e1180728b7950e35922a7fc6397f7b641499e8f3ef06e50dc83"
